// !$*UTF8*$!
{
	archiveVersion = 1;
	classes = {
	};
	objectVersion = 46;
	objects = {

/* Begin PBXBuildFile section */
		3F35112C1F3E824A0089CC7E /* main.m in Sources */ = {isa = PBXBuildFile; fileRef = 3F35112B1F3E824A0089CC7E /* main.m */; };
		3F35112F1F3E824A0089CC7E /* AppDelegate.m in Sources */ = {isa = PBXBuildFile; fileRef = 3F35112E1F3E824A0089CC7E /* AppDelegate.m */; };
		3F3511321F3E824A0089CC7E /* ViewController.m in Sources */ = {isa = PBXBuildFile; fileRef = 3F3511311F3E824A0089CC7E /* ViewController.m */; };
		3F3511351F3E824A0089CC7E /* Main.storyboard in Resources */ = {isa = PBXBuildFile; fileRef = 3F3511331F3E824A0089CC7E /* Main.storyboard */; };
		3F3511371F3E824A0089CC7E /* Assets.xcassets in Resources */ = {isa = PBXBuildFile; fileRef = 3F3511361F3E824A0089CC7E /* Assets.xcassets */; };
		3F35113A1F3E824A0089CC7E /* LaunchScreen.storyboard in Resources */ = {isa = PBXBuildFile; fileRef = 3F3511381F3E824A0089CC7E /* LaunchScreen.storyboard */; };
/* End PBXBuildFile section */

/* Begin PBXFileReference section */
		3F3511271F3E824A0089CC7E /* SingleDoubleView.app */ = {isa = PBXFileReference; explicitFileType = wrapper.application; includeInIndex = 0; path = SingleDoubleView.app; sourceTree = BUILT_PRODUCTS_DIR; };
		3F35112B1F3E824A0089CC7E /* main.m */ = {isa = PBXFileReference; lastKnownFileType = sourcecode.c.objc; path = main.m; sourceTree = "<group>"; };
		3F35112D1F3E824A0089CC7E /* AppDelegate.h */ = {isa = PBXFileReference; lastKnownFileType = sourcecode.c.h; path = AppDelegate.h; sourceTree = "<group>"; };
		3F35112E1F3E824A0089CC7E /* AppDelegate.m */ = {isa = PBXFileReference; lastKnownFileType = sourcecode.c.objc; path = AppDelegate.m; sourceTree = "<group>"; };
		3F3511301F3E824A0089CC7E /* ViewController.h */ = {isa = PBXFileReference; lastKnownFileType = sourcecode.c.h; path = ViewController.h; sourceTree = "<group>"; };
		3F3511311F3E824A0089CC7E /* ViewController.m */ = {isa = PBXFileReference; lastKnownFileType = sourcecode.c.objc; path = ViewController.m; sourceTree = "<group>"; };
		3F3511341F3E824A0089CC7E /* Base */ = {isa = PBXFileReference; lastKnownFileType = file.storyboard; name = Base; path = Base.lproj/Main.storyboard; sourceTree = "<group>"; };
		3F3511361F3E824A0089CC7E /* Assets.xcassets */ = {isa = PBXFileReference; lastKnownFileType = folder.assetcatalog; path = Assets.xcassets; sourceTree = "<group>"; };
		3F3511391F3E824A0089CC7E /* Base */ = {isa = PBXFileReference; lastKnownFileType = file.storyboard; name = Base; path = Base.lproj/LaunchScreen.storyboard; sourceTree = "<group>"; };
		3F35113B1F3E824A0089CC7E /* Info.plist */ = {isa = PBXFileReference; lastKnownFileType = text.plist.xml; path = Info.plist; sourceTree = "<group>"; };
/* End PBXFileReference section */

/* Begin PBXFrameworksBuildPhase section */
		3F3511241F3E824A0089CC7E /* Frameworks */ = {
			isa = PBXFrameworksBuildPhase;
			buildActionMask = 2147483647;
			files = (
			);
			runOnlyForDeploymentPostprocessing = 0;
		};
/* End PBXFrameworksBuildPhase section */

/* Begin PBXGroup section */
		3F35111E1F3E824A0089CC7E = {
			isa = PBXGroup;
			children = (
				3F3511291F3E824A0089CC7E /* SingleDoubleView */,
				3F3511281F3E824A0089CC7E /* Products */,
			);
			sourceTree = "<group>";
		};
		3F3511281F3E824A0089CC7E /* Products */ = {
			isa = PBXGroup;
			children = (
				3F3511271F3E824A0089CC7E /* SingleDoubleView.app */,
			);
			name = Products;
			sourceTree = "<group>";
		};
		3F3511291F3E824A0089CC7E /* SingleDoubleView */ = {
			isa = PBXGroup;
			children = (
				3F35112D1F3E824A0089CC7E /* AppDelegate.h */,
				3F35112E1F3E824A0089CC7E /* AppDelegate.m */,
				3F3511301F3E824A0089CC7E /* ViewController.h */,
				3F3511311F3E824A0089CC7E /* ViewController.m */,
				3F3511331F3E824A0089CC7E /* Main.storyboard */,
				3F3511361F3E824A0089CC7E /* Assets.xcassets */,
				3F3511381F3E824A0089CC7E /* LaunchScreen.storyboard */,
				3F35113B1F3E824A0089CC7E /* Info.plist */,
				3F35112A1F3E824A0089CC7E /* Supporting Files */,
			);
			path = SingleDoubleView;
			sourceTree = "<group>";
		};
		3F35112A1F3E824A0089CC7E /* Supporting Files */ = {
			isa = PBXGroup;
			children = (
				3F35112B1F3E824A0089CC7E /* main.m */,
			);
			name = "Supporting Files";
			sourceTree = "<group>";
		};
/* End PBXGroup section */

/* Begin PBXNativeTarget section */
		3F3511261F3E824A0089CC7E /* SingleDoubleView */ = {
			isa = PBXNativeTarget;
			buildConfigurationList = 3F35113E1F3E824A0089CC7E /* Build configuration list for PBXNativeTarget "SingleDoubleView" */;
			buildPhases = (
				3F3511231F3E824A0089CC7E /* Sources */,
				3F3511241F3E824A0089CC7E /* Frameworks */,
				3F3511251F3E824A0089CC7E /* Resources */,
			);
			buildRules = (
			);
			dependencies = (
			);
			name = SingleDoubleView;
			productName = SingleDoubleView;
			productReference = 3F3511271F3E824A0089CC7E /* SingleDoubleView.app */;
			productType = "com.apple.product-type.application";
		};
/* End PBXNativeTarget section */

/* Begin PBXProject section */
		3F35111F1F3E824A0089CC7E /* Project object */ = {
			isa = PBXProject;
			attributes = {
				LastUpgradeCheck = 0830;
				ORGANIZATIONNAME = "Manoharan Velayutham";
				TargetAttributes = {
					3F3511261F3E824A0089CC7E = {
						CreatedOnToolsVersion = 8.3.3;
						ProvisioningStyle = Automatic;
					};
				};
			};
			buildConfigurationList = 3F3511221F3E824A0089CC7E /* Build configuration list for PBXProject "SingleDoubleView" */;
			compatibilityVersion = "Xcode 3.2";
			developmentRegion = English;
			hasScannedForEncodings = 0;
			knownRegions = (
				en,
				Base,
			);
			mainGroup = 3F35111E1F3E824A0089CC7E;
			productRefGroup = 3F3511281F3E824A0089CC7E /* Products */;
			projectDirPath = "";
			projectRoot = "";
			targets = (
				3F3511261F3E824A0089CC7E /* SingleDoubleView */,
			);
		};
/* End PBXProject section */

/* Begin PBXResourcesBuildPhase section */
		3F3511251F3E824A0089CC7E /* Resources */ = {
			isa = PBXResourcesBuildPhase;
			buildActionMask = 2147483647;
			files = (
				3F35113A1F3E824A0089CC7E /* LaunchScreen.storyboard in Resources */,
				3F3511371F3E824A0089CC7E /* Assets.xcassets in Resources */,
				3F3511351F3E824A0089CC7E /* Main.storyboard in Resources */,
			);
			runOnlyForDeploymentPostprocessing = 0;
		};
/* End PBXResourcesBuildPhase section */

/* Begin PBXSourcesBuildPhase section */
		3F3511231F3E824A0089CC7E /* Sources */ = {
			isa = PBXSourcesBuildPhase;
			buildActionMask = 2147483647;
			files = (
				3F3511321F3E824A0089CC7E /* ViewController.m in Sources */,
				3F35112F1F3E824A0089CC7E /* AppDelegate.m in Sources */,
				3F35112C1F3E824A0089CC7E /* main.m in Sources */,
			);
			runOnlyForDeploymentPostprocessing = 0;
		};
/* End PBXSourcesBuildPhase section */

/* Begin PBXVariantGroup section */
		3F3511331F3E824A0089CC7E /* Main.storyboard */ = {
			isa = PBXVariantGroup;
			children = (
				3F3511341F3E824A0089CC7E /* Base */,
			);
			name = Main.storyboard;
			sourceTree = "<group>";
		};
		3F3511381F3E824A0089CC7E /* LaunchScreen.storyboard */ = {
			isa = PBXVariantGroup;
			children = (
				3F3511391F3E824A0089CC7E /* Base */,
			);
			name = LaunchScreen.storyboard;
			sourceTree = "<group>";
		};
/* End PBXVariantGroup section */

/* Begin XCBuildConfiguration section */
		3F35113C1F3E824A0089CC7E /* Debug */ = {
			isa = XCBuildConfiguration;
			buildSettings = {
				ALWAYS_SEARCH_USER_PATHS = NO;
				CLANG_ANALYZER_NONNULL = YES;
				CLANG_ANALYZER_NUMBER_OBJECT_CONVERSION = YES_AGGRESSIVE;
				CLANG_CXX_LANGUAGE_STANDARD = "gnu++0x";
				CLANG_CXX_LIBRARY = "libc++";
				CLANG_ENABLE_MODULES = YES;
				CLANG_ENABLE_OBJC_ARC = YES;
				CLANG_WARN_BOOL_CONVERSION = YES;
				CLANG_WARN_CONSTANT_CONVERSION = YES;
				CLANG_WARN_DIRECT_OBJC_ISA_USAGE = YES_ERROR;
				CLANG_WARN_DOCUMENTATION_COMMENTS = YES;
				CLANG_WARN_EMPTY_BODY = YES;
				CLANG_WARN_ENUM_CONVERSION = YES;
				CLANG_WARN_INFINITE_RECURSION = YES;
				CLANG_WARN_INT_CONVERSION = YES;
				CLANG_WARN_OBJC_ROOT_CLASS = YES_ERROR;
				CLANG_WARN_SUSPICIOUS_MOVE = YES;
				CLANG_WARN_UNREACHABLE_CODE = YES;
				CLANG_WARN__DUPLICATE_METHOD_MATCH = YES;
				"CODE_SIGN_IDENTITY[sdk=iphoneos*]" = "iPhone Developer";
				COPY_PHASE_STRIP = NO;
				DEBUG_INFORMATION_FORMAT = dwarf;
				ENABLE_STRICT_OBJC_MSGSEND = YES;
				ENABLE_TESTABILITY = YES;
				GCC_C_LANGUAGE_STANDARD = gnu99;
				GCC_DYNAMIC_NO_PIC = NO;
				GCC_NO_COMMON_BLOCKS = YES;
				GCC_OPTIMIZATION_LEVEL = 0;
				GCC_PREPROCESSOR_DEFINITIONS = (
					"DEBUG=1",
					"$(inherited)",
				);
				GCC_WARN_64_TO_32_BIT_CONVERSION = YES;
				GCC_WARN_ABOUT_RETURN_TYPE = YES_ERROR;
				GCC_WARN_UNDECLARED_SELECTOR = YES;
				GCC_WARN_UNINITIALIZED_AUTOS = YES_AGGRESSIVE;
				GCC_WARN_UNUSED_FUNCTION = YES;
				GCC_WARN_UNUSED_VARIABLE = YES;
				IPHONEOS_DEPLOYMENT_TARGET = 10.3;
				MTL_ENABLE_DEBUG_INFO = YES;
				ONLY_ACTIVE_ARCH = YES;
				SDKROOT = iphoneos;
				TARGETED_DEVICE_FAMILY = "1,2";
			};
			name = Debug;
		};
		3F35113D1F3E824A0089CC7E /* Release */ = {
			isa = XCBuildConfiguration;
			buildSettings = {
				ALWAYS_SEARCH_USER_PATHS = NO;
				CLANG_ANALYZER_NONNULL = YES;
				CLANG_ANALYZER_NUMBER_OBJECT_CONVERSION = YES_AGGRESSIVE;
				CLANG_CXX_LANGUAGE_STANDARD = "gnu++0x";
				CLANG_CXX_LIBRARY = "libc++";
				CLANG_ENABLE_MODULES = YES;
				CLANG_ENABLE_OBJC_ARC = YES;
				CLANG_WARN_BOOL_CONVERSION = YES;
				CLANG_WARN_CONSTANT_CONVERSION = YES;
				CLANG_WARN_DIRECT_OBJC_ISA_USAGE = YES_ERROR;
				CLANG_WARN_DOCUMENTATION_COMMENTS = YES;
				CLANG_WARN_EMPTY_BODY = YES;
				CLANG_WARN_ENUM_CONVERSION = YES;
				CLANG_WARN_INFINITE_RECURSION = YES;
				CLANG_WARN_INT_CONVERSION = YES;
				CLANG_WARN_OBJC_ROOT_CLASS = YES_ERROR;
				CLANG_WARN_SUSPICIOUS_MOVE = YES;
				CLANG_WARN_UNREACHABLE_CODE = YES;
				CLANG_WARN__DUPLICATE_METHOD_MATCH = YES;
				"CODE_SIGN_IDENTITY[sdk=iphoneos*]" = "iPhone Developer";
				COPY_PHASE_STRIP = NO;
				DEBUG_INFORMATION_FORMAT = "dwarf-with-dsym";
				ENABLE_NS_ASSERTIONS = NO;
				ENABLE_STRICT_OBJC_MSGSEND = YES;
				GCC_C_LANGUAGE_STANDARD = gnu99;
				GCC_NO_COMMON_BLOCKS = YES;
				GCC_WARN_64_TO_32_BIT_CONVERSION = YES;
				GCC_WARN_ABOUT_RETURN_TYPE = YES_ERROR;
				GCC_WARN_UNDECLARED_SELECTOR = YES;
				GCC_WARN_UNINITIALIZED_AUTOS = YES_AGGRESSIVE;
				GCC_WARN_UNUSED_FUNCTION = YES;
				GCC_WARN_UNUSED_VARIABLE = YES;
				IPHONEOS_DEPLOYMENT_TARGET = 10.3;
				MTL_ENABLE_DEBUG_INFO = NO;
				SDKROOT = iphoneos;
				TARGETED_DEVICE_FAMILY = "1,2";
				VALIDATE_PRODUCT = YES;
			};
			name = Release;
		};
		3F35113F1F3E824A0089CC7E /* Debug */ = {
			isa = XCBuildConfiguration;
			buildSettings = {
				ASSETCATALOG_COMPILER_APPICON_NAME = AppIcon;
				INFOPLIST_FILE = SingleDoubleView/Info.plist;
				LD_RUNPATH_SEARCH_PATHS = "$(inherited) @executable_path/Frameworks";
				PRODUCT_BUNDLE_IDENTIFIER = com.product.happy.SingleDoubleView;
				PRODUCT_NAME = "$(TARGET_NAME)";
			};
			name = Debug;
		};
		3F3511401F3E824A0089CC7E /* Release */ = {
			isa = XCBuildConfiguration;
			buildSettings = {
				ASSETCATALOG_COMPILER_APPICON_NAME = AppIcon;
				INFOPLIST_FILE = SingleDoubleView/Info.plist;
				LD_RUNPATH_SEARCH_PATHS = "$(inherited) @executable_path/Frameworks";
				PRODUCT_BUNDLE_IDENTIFIER = com.product.happy.SingleDoubleView;
				PRODUCT_NAME = "$(TARGET_NAME)";
			};
			name = Release;
		};
/* End XCBuildConfiguration section */

/* Begin XCConfigurationList section */
		3F3511221F3E824A0089CC7E /* Build configuration list for PBXProject "SingleDoubleView" */ = {
			isa = XCConfigurationList;
			buildConfigurations = (
				3F35113C1F3E824A0089CC7E /* Debug */,
				3F35113D1F3E824A0089CC7E /* Release */,
			);
			defaultConfigurationIsVisible = 0;
			defaultConfigurationName = Release;
		};
		3F35113E1F3E824A0089CC7E /* Build configuration list for PBXNativeTarget "SingleDoubleView" */ = {
			isa = XCConfigurationList;
			buildConfigurations = (
				3F35113F1F3E824A0089CC7E /* Debug */,
				3F3511401F3E824A0089CC7E /* Release */,
			);
			defaultConfigurationIsVisible = 0;
		};
/* End XCConfigurationList section */
	};
	rootObject = 3F35111F1F3E824A0089CC7E /* Project object */;
}
